
Microsoft Visual Studio Solution File, Format Version 12.00
# Visual Studio 15
VisualStudioVersion = 15.0.27130.2027
MinimumVisualStudioVersion = 10.0.40219.1
Project("{FAE04EC0-301F-11D3-BF4B-00C04F79EFBC}") = "TheAMTeam.DataAccessLayer", "TheAMTeam.DataAccessLayer\TheAMTeam.DataAccessLayer.csproj", "{4B629E34-AC22-44E6-9E0B-D660542E61D1}"
EndProject
Project("{FAE04EC0-301F-11D3-BF4B-00C04F79EFBC}") = "TheAMTeam.WebApi", "TheAMTeam.WebApi\TheAMTeam.WebApi.csproj", "{F5B93F35-08BD-4A2D-98E0-347E7536501E}"
EndProject
Project("{FAE04EC0-301F-11D3-BF4B-00C04F79EFBC}") = "TheAMTeam.Business", "TheAMTeam.Business\TheAMTeam.Business.csproj", "{1DA055B1-CD15-4B5E-B5C1-F9F99E12897A}"
EndProject
Project("{FAE04EC0-301F-11D3-BF4B-00C04F79EFBC}") = "TheAMTeam.WebMVC", "WebMVC\TheAMTeam.WebMVC.csproj", "{4D77FB3A-3958-4758-B2F6-07E005E0C39D}"
EndProject
Global
	GlobalSection(SolutionConfigurationPlatforms) = preSolution
		Debug|Any CPU = Debug|Any CPU
		Release|Any CPU = Release|Any CPU
	EndGlobalSection
	GlobalSection(ProjectConfigurationPlatforms) = postSolution
		{4B629E34-AC22-44E6-9E0B-D660542E61D1}.Debug|Any CPU.ActiveCfg = Debug|Any CPU
		{4B629E34-AC22-44E6-9E0B-D660542E61D1}.Debug|Any CPU.Build.0 = Debug|Any CPU
		{4B629E34-AC22-44E6-9E0B-D660542E61D1}.Release|Any CPU.ActiveCfg = Release|Any CPU
		{4B629E34-AC22-44E6-9E0B-D660542E61D1}.Release|Any CPU.Build.0 = Release|Any CPU
		{F5B93F35-08BD-4A2D-98E0-347E7536501E}.Debug|Any CPU.ActiveCfg = Debug|Any CPU
		{F5B93F35-08BD-4A2D-98E0-347E7536501E}.Debug|Any CPU.Build.0 = Debug|Any CPU
		{F5B93F35-08BD-4A2D-98E0-347E7536501E}.Release|Any CPU.ActiveCfg = Release|Any CPU
		{F5B93F35-08BD-4A2D-98E0-347E7536501E}.Release|Any CPU.Build.0 = Release|Any CPU
		{1DA055B1-CD15-4B5E-B5C1-F9F99E12897A}.Debug|Any CPU.ActiveCfg = Debug|Any CPU
		{1DA055B1-CD15-4B5E-B5C1-F9F99E12897A}.Debug|Any CPU.Build.0 = Debug|Any CPU
		{1DA055B1-CD15-4B5E-B5C1-F9F99E12897A}.Release|Any CPU.ActiveCfg = Release|Any CPU
		{1DA055B1-CD15-4B5E-B5C1-F9F99E12897A}.Release|Any CPU.Build.0 = Release|Any CPU
		{4D77FB3A-3958-4758-B2F6-07E005E0C39D}.Debug|Any CPU.ActiveCfg = Debug|Any CPU
		{4D77FB3A-3958-4758-B2F6-07E005E0C39D}.Debug|Any CPU.Build.0 = Debug|Any CPU
		{4D77FB3A-3958-4758-B2F6-07E005E0C39D}.Release|Any CPU.ActiveCfg = Release|Any CPU
		{4D77FB3A-3958-4758-B2F6-07E005E0C39D}.Release|Any CPU.Build.0 = Release|Any CPU
	EndGlobalSection
	GlobalSection(SolutionProperties) = preSolution
		HideSolutionNode = FALSE
	EndGlobalSection
	GlobalSection(ExtensibilityGlobals) = postSolution
		SolutionGuid = {2434C858-7287-4144-B5F2-4BB6A18F0403}
	EndGlobalSection
EndGlobal
